// !$*UTF8*$!
{
	archiveVersion = 1;
	classes = {
	};
	objectVersion = 46;
	objects = {

/* Begin PBXBuildFile section */
		520F50E01F6A78490080F37D /* AnswersViewController.swift in Sources */ = {isa = PBXBuildFile; fileRef = 520F50DF1F6A78490080F37D /* AnswersViewController.swift */; };
		5210E50C1F4C53DD00104DC2 /* AppDelegate.swift in Sources */ = {isa = PBXBuildFile; fileRef = 5210E50B1F4C53DD00104DC2 /* AppDelegate.swift */; };
		5210E50E1F4C53DD00104DC2 /* QuestionViewController.swift in Sources */ = {isa = PBXBuildFile; fileRef = 5210E50D1F4C53DD00104DC2 /* QuestionViewController.swift */; };
		5210E5111F4C53DD00104DC2 /* Main.storyboard in Resources */ = {isa = PBXBuildFile; fileRef = 5210E50F1F4C53DD00104DC2 /* Main.storyboard */; };
		5210E5141F4C53DD00104DC2 /* StackApp.xcdatamodeld in Sources */ = {isa = PBXBuildFile; fileRef = 5210E5121F4C53DD00104DC2 /* StackApp.xcdatamodeld */; };
		5210E5161F4C53DD00104DC2 /* Assets.xcassets in Resources */ = {isa = PBXBuildFile; fileRef = 5210E5151F4C53DD00104DC2 /* Assets.xcassets */; };
		5210E5191F4C53DD00104DC2 /* LaunchScreen.storyboard in Resources */ = {isa = PBXBuildFile; fileRef = 5210E5171F4C53DD00104DC2 /* LaunchScreen.storyboard */; };
		5210E5241F4C53DD00104DC2 /* StackAppTests.swift in Sources */ = {isa = PBXBuildFile; fileRef = 5210E5231F4C53DD00104DC2 /* StackAppTests.swift */; };
		5210E52F1F4C53DD00104DC2 /* StackAppUITests.swift in Sources */ = {isa = PBXBuildFile; fileRef = 5210E52E1F4C53DD00104DC2 /* StackAppUITests.swift */; };
		522AC99E1F94FD2100BC6A01 /* ProgressViewController.swift in Sources */ = {isa = PBXBuildFile; fileRef = 522AC99D1F94FD2100BC6A01 /* ProgressViewController.swift */; };
		523802F11F6680B0005608BC /* Double+StackApp.swift in Sources */ = {isa = PBXBuildFile; fileRef = 523802F01F6680B0005608BC /* Double+StackApp.swift */; };
		523802F51F669087005608BC /* QuestionsCollectionViewCell.swift in Sources */ = {isa = PBXBuildFile; fileRef = 523802F41F669087005608BC /* QuestionsCollectionViewCell.swift */; };
		523803001F6815A2005608BC /* SegueIdentifiers.swift in Sources */ = {isa = PBXBuildFile; fileRef = 523802FF1F6815A2005608BC /* SegueIdentifiers.swift */; };
		5238BFA31F99F02E0033F152 /* Texts.storyboard in Resources */ = {isa = PBXBuildFile; fileRef = 5238BFA21F99F02E0033F152 /* Texts.storyboard */; };
		5238BFA51F99F3390033F152 /* Progress.storyboard in Resources */ = {isa = PBXBuildFile; fileRef = 5238BFA41F99F3390033F152 /* Progress.storyboard */; };
		5238BFA71F99F44D0033F152 /* Date.storyboard in Resources */ = {isa = PBXBuildFile; fileRef = 5238BFA61F99F44D0033F152 /* Date.storyboard */; };
		5238BFA91F9A029C0033F152 /* Settings.storyboard in Resources */ = {isa = PBXBuildFile; fileRef = 5238BFA81F9A029C0033F152 /* Settings.storyboard */; };
		523D006B1F83AA3C00D4614D /* Answer.swift in Sources */ = {isa = PBXBuildFile; fileRef = 523D006A1F83AA3C00D4614D /* Answer.swift */; };
		523D006F1F87800800D4614D /* TextsViewController.swift in Sources */ = {isa = PBXBuildFile; fileRef = 523D006E1F87800800D4614D /* TextsViewController.swift */; };
		524699471F58092100569186 /* QuestionsTableViewCell.swift in Sources */ = {isa = PBXBuildFile; fileRef = 524699461F58092100569186 /* QuestionsTableViewCell.swift */; };
		528278F71F4EF9B200A919E6 /* StackManagerDLG.swift in Sources */ = {isa = PBXBuildFile; fileRef = 528278F61F4EF9B200A919E6 /* StackManagerDLG.swift */; };
		529DCA731F5593C600F0E8E4 /* Question.swift in Sources */ = {isa = PBXBuildFile; fileRef = 529DCA721F5593C600F0E8E4 /* Question.swift */; };
		52AA20041F99E3B400CEB33C /* Home.storyboard in Resources */ = {isa = PBXBuildFile; fileRef = 52AA20031F99E3B400CEB33C /* Home.storyboard */; };
		52C617191F98E8FC00EAB1A1 /* Search.storyboard in Resources */ = {isa = PBXBuildFile; fileRef = 52C617181F98E8FC00EAB1A1 /* Search.storyboard */; };
		52DF5FA61F6AA9C700D6E0F8 /* MappableObjects.swift in Sources */ = {isa = PBXBuildFile; fileRef = 52DF5FA51F6AA9C700D6E0F8 /* MappableObjects.swift */; };
		52FAC6C41F599A3200A4394F /* StackManagerClosures.swift in Sources */ = {isa = PBXBuildFile; fileRef = 52FAC6C31F599A3200A4394F /* StackManagerClosures.swift */; };
		C0AD1F27CBB01E4594CA46AC /* Pods_StackApp.framework in Frameworks */ = {isa = PBXBuildFile; fileRef = 3451C6D65C871E44348CA0CF /* Pods_StackApp.framework */; };
/* End PBXBuildFile section */

/* Begin PBXContainerItemProxy section */
		5210E5201F4C53DD00104DC2 /* PBXContainerItemProxy */ = {
			isa = PBXContainerItemProxy;
			containerPortal = 5210E5001F4C53DC00104DC2 /* Project object */;
			proxyType = 1;
			remoteGlobalIDString = 5210E5071F4C53DD00104DC2;
			remoteInfo = StackApp;
		};
		5210E52B1F4C53DD00104DC2 /* PBXContainerItemProxy */ = {
			isa = PBXContainerItemProxy;
			containerPortal = 5210E5001F4C53DC00104DC2 /* Project object */;
			proxyType = 1;
			remoteGlobalIDString = 5210E5071F4C53DD00104DC2;
			remoteInfo = StackApp;
		};
/* End PBXContainerItemProxy section */

/* Begin PBXFileReference section */
		3451C6D65C871E44348CA0CF /* Pods_StackApp.framework */ = {isa = PBXFileReference; explicitFileType = wrapper.framework; includeInIndex = 0; path = Pods_StackApp.framework; sourceTree = BUILT_PRODUCTS_DIR; };
		520F50DF1F6A78490080F37D /* AnswersViewController.swift */ = {isa = PBXFileReference; fileEncoding = 4; lastKnownFileType = sourcecode.swift; path = AnswersViewController.swift; sourceTree = "<group>"; };
		5210E5081F4C53DD00104DC2 /* StackApp.app */ = {isa = PBXFileReference; explicitFileType = wrapper.application; includeInIndex = 0; path = StackApp.app; sourceTree = BUILT_PRODUCTS_DIR; };
		5210E50B1F4C53DD00104DC2 /* AppDelegate.swift */ = {isa = PBXFileReference; lastKnownFileType = sourcecode.swift; path = AppDelegate.swift; sourceTree = "<group>"; };
		5210E50D1F4C53DD00104DC2 /* QuestionViewController.swift */ = {isa = PBXFileReference; lastKnownFileType = sourcecode.swift; path = QuestionViewController.swift; sourceTree = "<group>"; };
		5210E5101F4C53DD00104DC2 /* Base */ = {isa = PBXFileReference; lastKnownFileType = file.storyboard; name = Base; path = Base.lproj/Main.storyboard; sourceTree = "<group>"; };
		5210E5131F4C53DD00104DC2 /* StackApp.xcdatamodel */ = {isa = PBXFileReference; lastKnownFileType = wrapper.xcdatamodel; path = StackApp.xcdatamodel; sourceTree = "<group>"; };
		5210E5151F4C53DD00104DC2 /* Assets.xcassets */ = {isa = PBXFileReference; lastKnownFileType = folder.assetcatalog; path = Assets.xcassets; sourceTree = "<group>"; };
		5210E5181F4C53DD00104DC2 /* Base */ = {isa = PBXFileReference; lastKnownFileType = file.storyboard; name = Base; path = Base.lproj/LaunchScreen.storyboard; sourceTree = "<group>"; };
		5210E51A1F4C53DD00104DC2 /* Info.plist */ = {isa = PBXFileReference; lastKnownFileType = text.plist.xml; path = Info.plist; sourceTree = "<group>"; };
		5210E51F1F4C53DD00104DC2 /* StackAppTests.xctest */ = {isa = PBXFileReference; explicitFileType = wrapper.cfbundle; includeInIndex = 0; path = StackAppTests.xctest; sourceTree = BUILT_PRODUCTS_DIR; };
		5210E5231F4C53DD00104DC2 /* StackAppTests.swift */ = {isa = PBXFileReference; lastKnownFileType = sourcecode.swift; path = StackAppTests.swift; sourceTree = "<group>"; };
		5210E5251F4C53DD00104DC2 /* Info.plist */ = {isa = PBXFileReference; lastKnownFileType = text.plist.xml; path = Info.plist; sourceTree = "<group>"; };
		5210E52A1F4C53DD00104DC2 /* StackAppUITests.xctest */ = {isa = PBXFileReference; explicitFileType = wrapper.cfbundle; includeInIndex = 0; path = StackAppUITests.xctest; sourceTree = BUILT_PRODUCTS_DIR; };
		5210E52E1F4C53DD00104DC2 /* StackAppUITests.swift */ = {isa = PBXFileReference; lastKnownFileType = sourcecode.swift; path = StackAppUITests.swift; sourceTree = "<group>"; };
		5210E5301F4C53DD00104DC2 /* Info.plist */ = {isa = PBXFileReference; lastKnownFileType = text.plist.xml; path = Info.plist; sourceTree = "<group>"; };
		522AC99D1F94FD2100BC6A01 /* ProgressViewController.swift */ = {isa = PBXFileReference; lastKnownFileType = sourcecode.swift; path = ProgressViewController.swift; sourceTree = "<group>"; };
		523802F01F6680B0005608BC /* Double+StackApp.swift */ = {isa = PBXFileReference; fileEncoding = 4; lastKnownFileType = sourcecode.swift; path = "Double+StackApp.swift"; sourceTree = "<group>"; };
		523802F41F669087005608BC /* QuestionsCollectionViewCell.swift */ = {isa = PBXFileReference; fileEncoding = 4; lastKnownFileType = sourcecode.swift; path = QuestionsCollectionViewCell.swift; sourceTree = "<group>"; };
		523802FF1F6815A2005608BC /* SegueIdentifiers.swift */ = {isa = PBXFileReference; fileEncoding = 4; lastKnownFileType = sourcecode.swift; path = SegueIdentifiers.swift; sourceTree = "<group>"; };
		5238BFA21F99F02E0033F152 /* Texts.storyboard */ = {isa = PBXFileReference; lastKnownFileType = file.storyboard; path = Texts.storyboard; sourceTree = "<group>"; };
		5238BFA41F99F3390033F152 /* Progress.storyboard */ = {isa = PBXFileReference; lastKnownFileType = file.storyboard; path = Progress.storyboard; sourceTree = "<group>"; };
		5238BFA61F99F44D0033F152 /* Date.storyboard */ = {isa = PBXFileReference; lastKnownFileType = file.storyboard; path = Date.storyboard; sourceTree = "<group>"; };
		5238BFA81F9A029C0033F152 /* Settings.storyboard */ = {isa = PBXFileReference; lastKnownFileType = file.storyboard; path = Settings.storyboard; sourceTree = "<group>"; };
		523D006A1F83AA3C00D4614D /* Answer.swift */ = {isa = PBXFileReference; lastKnownFileType = sourcecode.swift; path = Answer.swift; sourceTree = "<group>"; };
		523D006E1F87800800D4614D /* TextsViewController.swift */ = {isa = PBXFileReference; lastKnownFileType = sourcecode.swift; path = TextsViewController.swift; sourceTree = "<group>"; };
		524699461F58092100569186 /* QuestionsTableViewCell.swift */ = {isa = PBXFileReference; fileEncoding = 4; lastKnownFileType = sourcecode.swift; path = QuestionsTableViewCell.swift; sourceTree = "<group>"; };
		528278F61F4EF9B200A919E6 /* StackManagerDLG.swift */ = {isa = PBXFileReference; fileEncoding = 4; lastKnownFileType = sourcecode.swift; path = StackManagerDLG.swift; sourceTree = "<group>"; };
		529DCA721F5593C600F0E8E4 /* Question.swift */ = {isa = PBXFileReference; fileEncoding = 4; lastKnownFileType = sourcecode.swift; path = Question.swift; sourceTree = "<group>"; };
		52AA20031F99E3B400CEB33C /* Home.storyboard */ = {isa = PBXFileReference; lastKnownFileType = file.storyboard; path = Home.storyboard; sourceTree = "<group>"; };
		52C617181F98E8FC00EAB1A1 /* Search.storyboard */ = {isa = PBXFileReference; lastKnownFileType = file.storyboard; path = Search.storyboard; sourceTree = "<group>"; };
		52DF5FA51F6AA9C700D6E0F8 /* MappableObjects.swift */ = {isa = PBXFileReference; fileEncoding = 4; lastKnownFileType = sourcecode.swift; path = MappableObjects.swift; sourceTree = "<group>"; };
		52FAC6C31F599A3200A4394F /* StackManagerClosures.swift */ = {isa = PBXFileReference; fileEncoding = 4; lastKnownFileType = sourcecode.swift; path = StackManagerClosures.swift; sourceTree = "<group>"; };
		605233DFD6E4872A367F94E6 /* Pods-StackApp.release.xcconfig */ = {isa = PBXFileReference; includeInIndex = 1; lastKnownFileType = text.xcconfig; name = "Pods-StackApp.release.xcconfig"; path = "Pods/Target Support Files/Pods-StackApp/Pods-StackApp.release.xcconfig"; sourceTree = "<group>"; };
		EC254329B5B6A3D9CC6CC203 /* Pods-StackApp.debug.xcconfig */ = {isa = PBXFileReference; includeInIndex = 1; lastKnownFileType = text.xcconfig; name = "Pods-StackApp.debug.xcconfig"; path = "Pods/Target Support Files/Pods-StackApp/Pods-StackApp.debug.xcconfig"; sourceTree = "<group>"; };
/* End PBXFileReference section */

/* Begin PBXFrameworksBuildPhase section */
		5210E5051F4C53DD00104DC2 /* Frameworks */ = {
			isa = PBXFrameworksBuildPhase;
			buildActionMask = 2147483647;
			files = (
				C0AD1F27CBB01E4594CA46AC /* Pods_StackApp.framework in Frameworks */,
			);
			runOnlyForDeploymentPostprocessing = 0;
		};
		5210E51C1F4C53DD00104DC2 /* Frameworks */ = {
			isa = PBXFrameworksBuildPhase;
			buildActionMask = 2147483647;
			files = (
			);
			runOnlyForDeploymentPostprocessing = 0;
		};
		5210E5271F4C53DD00104DC2 /* Frameworks */ = {
			isa = PBXFrameworksBuildPhase;
			buildActionMask = 2147483647;
			files = (
			);
			runOnlyForDeploymentPostprocessing = 0;
		};
/* End PBXFrameworksBuildPhase section */

/* Begin PBXGroup section */
		0C51BEFA2A7417F6556648D8 /* Frameworks */ = {
			isa = PBXGroup;
			children = (
				3451C6D65C871E44348CA0CF /* Pods_StackApp.framework */,
			);
			name = Frameworks;
			sourceTree = "<group>";
		};
		326BB97852E6C3CEFB40CC6D /* Pods */ = {
			isa = PBXGroup;
			children = (
				EC254329B5B6A3D9CC6CC203 /* Pods-StackApp.debug.xcconfig */,
				605233DFD6E4872A367F94E6 /* Pods-StackApp.release.xcconfig */,
			);
			name = Pods;
			sourceTree = "<group>";
		};
		5210E4FF1F4C53DC00104DC2 = {
			isa = PBXGroup;
			children = (
				5210E50A1F4C53DD00104DC2 /* StackApp */,
				5210E5221F4C53DD00104DC2 /* StackAppTests */,
				5210E52D1F4C53DD00104DC2 /* StackAppUITests */,
				5210E5091F4C53DD00104DC2 /* Products */,
				326BB97852E6C3CEFB40CC6D /* Pods */,
				0C51BEFA2A7417F6556648D8 /* Frameworks */,
			);
			sourceTree = "<group>";
		};
		5210E5091F4C53DD00104DC2 /* Products */ = {
			isa = PBXGroup;
			children = (
				5210E5081F4C53DD00104DC2 /* StackApp.app */,
				5210E51F1F4C53DD00104DC2 /* StackAppTests.xctest */,
				5210E52A1F4C53DD00104DC2 /* StackAppUITests.xctest */,
			);
			name = Products;
			sourceTree = "<group>";
		};
		5210E50A1F4C53DD00104DC2 /* StackApp */ = {
			isa = PBXGroup;
			children = (
				523802FC1F66DDF6005608BC /* Supporting Files */,
				523802FB1F66DDB1005608BC /* WebAPI */,
				523802FA1F66DD9E005608BC /* DataModels */,
				523802F91F66DD92005608BC /* Storyboards */,
				523802F81F66DD1E005608BC /* Cells */,
				523802F71F66DCF2005608BC /* Extensions */,
				5210E50D1F4C53DD00104DC2 /* QuestionViewController.swift */,
				520F50DF1F6A78490080F37D /* AnswersViewController.swift */,
				523D006E1F87800800D4614D /* TextsViewController.swift */,
				522AC99D1F94FD2100BC6A01 /* ProgressViewController.swift */,
				5210E5121F4C53DD00104DC2 /* StackApp.xcdatamodeld */,
			);
			path = StackApp;
			sourceTree = "<group>";
		};
		5210E5221F4C53DD00104DC2 /* StackAppTests */ = {
			isa = PBXGroup;
			children = (
				5210E5231F4C53DD00104DC2 /* StackAppTests.swift */,
				5210E5251F4C53DD00104DC2 /* Info.plist */,
			);
			path = StackAppTests;
			sourceTree = "<group>";
		};
		5210E52D1F4C53DD00104DC2 /* StackAppUITests */ = {
			isa = PBXGroup;
			children = (
				5210E52E1F4C53DD00104DC2 /* StackAppUITests.swift */,
				5210E5301F4C53DD00104DC2 /* Info.plist */,
			);
			path = StackAppUITests;
			sourceTree = "<group>";
		};
		523802F71F66DCF2005608BC /* Extensions */ = {
			isa = PBXGroup;
			children = (
				523802F01F6680B0005608BC /* Double+StackApp.swift */,
			);
			name = Extensions;
			sourceTree = "<group>";
		};
		523802F81F66DD1E005608BC /* Cells */ = {
			isa = PBXGroup;
			children = (
				523802F41F669087005608BC /* QuestionsCollectionViewCell.swift */,
				524699461F58092100569186 /* QuestionsTableViewCell.swift */,
			);
			name = Cells;
			sourceTree = "<group>";
		};
		523802F91F66DD92005608BC /* Storyboards */ = {
			isa = PBXGroup;
			children = (
				5210E50F1F4C53DD00104DC2 /* Main.storyboard */,
				52AA20031F99E3B400CEB33C /* Home.storyboard */,
				5238BFA21F99F02E0033F152 /* Texts.storyboard */,
				5238BFA41F99F3390033F152 /* Progress.storyboard */,
				5238BFA61F99F44D0033F152 /* Date.storyboard */,
				52C617181F98E8FC00EAB1A1 /* Search.storyboard */,
				5238BFA81F9A029C0033F152 /* Settings.storyboard */,
			);
			name = Storyboards;
			sourceTree = "<group>";
		};
		523802FA1F66DD9E005608BC /* DataModels */ = {
			isa = PBXGroup;
			children = (
				529DCA721F5593C600F0E8E4 /* Question.swift */,
				52DF5FA51F6AA9C700D6E0F8 /* MappableObjects.swift */,
				523D006A1F83AA3C00D4614D /* Answer.swift */,
			);
			name = DataModels;
			sourceTree = "<group>";
		};
		523802FB1F66DDB1005608BC /* WebAPI */ = {
			isa = PBXGroup;
			children = (
				528278F61F4EF9B200A919E6 /* StackManagerDLG.swift */,
				52FAC6C31F599A3200A4394F /* StackManagerClosures.swift */,
			);
			name = WebAPI;
			sourceTree = "<group>";
		};
		523802FC1F66DDF6005608BC /* Supporting Files */ = {
			isa = PBXGroup;
			children = (
				5210E50B1F4C53DD00104DC2 /* AppDelegate.swift */,
				5210E5171F4C53DD00104DC2 /* LaunchScreen.storyboard */,
				5210E5151F4C53DD00104DC2 /* Assets.xcassets */,
				5210E51A1F4C53DD00104DC2 /* Info.plist */,
				523802FF1F6815A2005608BC /* SegueIdentifiers.swift */,
			);
			name = "Supporting Files";
			sourceTree = "<group>";
		};
/* End PBXGroup section */

/* Begin PBXNativeTarget section */
		5210E5071F4C53DD00104DC2 /* StackApp */ = {
			isa = PBXNativeTarget;
			buildConfigurationList = 5210E5331F4C53DD00104DC2 /* Build configuration list for PBXNativeTarget "StackApp" */;
			buildPhases = (
				9EA48D398CBB77BC9E64C3E8 /* [CP] Check Pods Manifest.lock */,
				5210E5041F4C53DD00104DC2 /* Sources */,
				5210E5051F4C53DD00104DC2 /* Frameworks */,
				5210E5061F4C53DD00104DC2 /* Resources */,
				63DC2A3C34BE9C375AA94D30 /* [CP] Embed Pods Frameworks */,
				B3C646297D9C428D309A0AD2 /* [CP] Copy Pods Resources */,
			);
			buildRules = (
			);
			dependencies = (
			);
			name = StackApp;
			productName = StackApp;
			productReference = 5210E5081F4C53DD00104DC2 /* StackApp.app */;
			productType = "com.apple.product-type.application";
		};
		5210E51E1F4C53DD00104DC2 /* StackAppTests */ = {
			isa = PBXNativeTarget;
			buildConfigurationList = 5210E5361F4C53DD00104DC2 /* Build configuration list for PBXNativeTarget "StackAppTests" */;
			buildPhases = (
				5210E51B1F4C53DD00104DC2 /* Sources */,
				5210E51C1F4C53DD00104DC2 /* Frameworks */,
				5210E51D1F4C53DD00104DC2 /* Resources */,
			);
			buildRules = (
			);
			dependencies = (
				5210E5211F4C53DD00104DC2 /* PBXTargetDependency */,
			);
			name = StackAppTests;
			productName = StackAppTests;
			productReference = 5210E51F1F4C53DD00104DC2 /* StackAppTests.xctest */;
			productType = "com.apple.product-type.bundle.unit-test";
		};
		5210E5291F4C53DD00104DC2 /* StackAppUITests */ = {
			isa = PBXNativeTarget;
			buildConfigurationList = 5210E5391F4C53DD00104DC2 /* Build configuration list for PBXNativeTarget "StackAppUITests" */;
			buildPhases = (
				5210E5261F4C53DD00104DC2 /* Sources */,
				5210E5271F4C53DD00104DC2 /* Frameworks */,
				5210E5281F4C53DD00104DC2 /* Resources */,
			);
			buildRules = (
			);
			dependencies = (
				5210E52C1F4C53DD00104DC2 /* PBXTargetDependency */,
			);
			name = StackAppUITests;
			productName = StackAppUITests;
			productReference = 5210E52A1F4C53DD00104DC2 /* StackAppUITests.xctest */;
			productType = "com.apple.product-type.bundle.ui-testing";
		};
/* End PBXNativeTarget section */

/* Begin PBXProject section */
		5210E5001F4C53DC00104DC2 /* Project object */ = {
			isa = PBXProject;
			attributes = {
				LastSwiftUpdateCheck = 0830;
				LastUpgradeCheck = 0830;
				ORGANIZATIONNAME = John;
				TargetAttributes = {
					5210E5071F4C53DD00104DC2 = {
						CreatedOnToolsVersion = 8.3.3;
						DevelopmentTeam = DJ7KXY394U;
						ProvisioningStyle = Automatic;
					};
					5210E51E1F4C53DD00104DC2 = {
						CreatedOnToolsVersion = 8.3.3;
						DevelopmentTeam = DJ7KXY394U;
						ProvisioningStyle = Automatic;
						TestTargetID = 5210E5071F4C53DD00104DC2;
					};
					5210E5291F4C53DD00104DC2 = {
						CreatedOnToolsVersion = 8.3.3;
						DevelopmentTeam = DJ7KXY394U;
						ProvisioningStyle = Automatic;
						TestTargetID = 5210E5071F4C53DD00104DC2;
					};
				};
			};
			buildConfigurationList = 5210E5031F4C53DC00104DC2 /* Build configuration list for PBXProject "StackApp" */;
			compatibilityVersion = "Xcode 3.2";
			developmentRegion = English;
			hasScannedForEncodings = 0;
			knownRegions = (
				en,
				Base,
			);
			mainGroup = 5210E4FF1F4C53DC00104DC2;
			productRefGroup = 5210E5091F4C53DD00104DC2 /* Products */;
			projectDirPath = "";
			projectRoot = "";
			targets = (
				5210E5071F4C53DD00104DC2 /* StackApp */,
				5210E51E1F4C53DD00104DC2 /* StackAppTests */,
				5210E5291F4C53DD00104DC2 /* StackAppUITests */,
			);
		};
/* End PBXProject section */

/* Begin PBXResourcesBuildPhase section */
		5210E5061F4C53DD00104DC2 /* Resources */ = {
			isa = PBXResourcesBuildPhase;
			buildActionMask = 2147483647;
			files = (
				5210E5191F4C53DD00104DC2 /* LaunchScreen.storyboard in Resources */,
				52AA20041F99E3B400CEB33C /* Home.storyboard in Resources */,
				5210E5161F4C53DD00104DC2 /* Assets.xcassets in Resources */,
				5238BFA31F99F02E0033F152 /* Texts.storyboard in Resources */,
				5238BFA71F99F44D0033F152 /* Date.storyboard in Resources */,
				5238BFA51F99F3390033F152 /* Progress.storyboard in Resources */,
				5238BFA91F9A029C0033F152 /* Settings.storyboard in Resources */,
				52C617191F98E8FC00EAB1A1 /* Search.storyboard in Resources */,
				5210E5111F4C53DD00104DC2 /* Main.storyboard in Resources */,
			);
			runOnlyForDeploymentPostprocessing = 0;
		};
		5210E51D1F4C53DD00104DC2 /* Resources */ = {
			isa = PBXResourcesBuildPhase;
			buildActionMask = 2147483647;
			files = (
			);
			runOnlyForDeploymentPostprocessing = 0;
		};
		5210E5281F4C53DD00104DC2 /* Resources */ = {
			isa = PBXResourcesBuildPhase;
			buildActionMask = 2147483647;
			files = (
			);
			runOnlyForDeploymentPostprocessing = 0;
		};
/* End PBXResourcesBuildPhase section */

/* Begin PBXShellScriptBuildPhase section */
		63DC2A3C34BE9C375AA94D30 /* [CP] Embed Pods Frameworks */ = {
			isa = PBXShellScriptBuildPhase;
			buildActionMask = 2147483647;
			files = (
			);
			inputPaths = (
				"${SRCROOT}/Pods/Target Support Files/Pods-StackApp/Pods-StackApp-frameworks.sh",
				"${BUILT_PRODUCTS_DIR}/Alamofire/Alamofire.framework",
				"${BUILT_PRODUCTS_DIR}/AlamofireObjectMapper/AlamofireObjectMapper.framework",
				"${BUILT_PRODUCTS_DIR}/ObjectMapper/ObjectMapper.framework",
			);
			name = "[CP] Embed Pods Frameworks";
			outputPaths = (
				"${TARGET_BUILD_DIR}/${FRAMEWORKS_FOLDER_PATH}/Alamofire.framework",
				"${TARGET_BUILD_DIR}/${FRAMEWORKS_FOLDER_PATH}/AlamofireObjectMapper.framework",
				"${TARGET_BUILD_DIR}/${FRAMEWORKS_FOLDER_PATH}/ObjectMapper.framework",
			);
			runOnlyForDeploymentPostprocessing = 0;
			shellPath = /bin/sh;
			shellScript = "\"${SRCROOT}/Pods/Target Support Files/Pods-StackApp/Pods-StackApp-frameworks.sh\"\n";
			showEnvVarsInLog = 0;
		};
		9EA48D398CBB77BC9E64C3E8 /* [CP] Check Pods Manifest.lock */ = {
			isa = PBXShellScriptBuildPhase;
			buildActionMask = 2147483647;
			files = (
			);
			inputPaths = (
				"${PODS_PODFILE_DIR_PATH}/Podfile.lock",
				"${PODS_ROOT}/Manifest.lock",
			);
			name = "[CP] Check Pods Manifest.lock";
			outputPaths = (
				"$(DERIVED_FILE_DIR)/Pods-StackApp-checkManifestLockResult.txt",
			);
			runOnlyForDeploymentPostprocessing = 0;
			shellPath = /bin/sh;
			shellScript = "diff \"${PODS_PODFILE_DIR_PATH}/Podfile.lock\" \"${PODS_ROOT}/Manifest.lock\" > /dev/null\nif [ $? != 0 ] ; then\n    # print error to STDERR\n    echo \"error: The sandbox is not in sync with the Podfile.lock. Run 'pod install' or update your CocoaPods installation.\" >&2\n    exit 1\nfi\n# This output is used by Xcode 'outputs' to avoid re-running this script phase.\necho \"SUCCESS\" > \"${SCRIPT_OUTPUT_FILE_0}\"\n";
			showEnvVarsInLog = 0;
		};
		B3C646297D9C428D309A0AD2 /* [CP] Copy Pods Resources */ = {
			isa = PBXShellScriptBuildPhase;
			buildActionMask = 2147483647;
			files = (
			);
			inputPaths = (
			);
			name = "[CP] Copy Pods Resources";
			outputPaths = (
			);
			runOnlyForDeploymentPostprocessing = 0;
			shellPath = /bin/sh;
			shellScript = "\"${SRCROOT}/Pods/Target Support Files/Pods-StackApp/Pods-StackApp-resources.sh\"\n";
			showEnvVarsInLog = 0;
		};
/* End PBXShellScriptBuildPhase section */

/* Begin PBXSourcesBuildPhase section */
		5210E5041F4C53DD00104DC2 /* Sources */ = {
			isa = PBXSourcesBuildPhase;
			buildActionMask = 2147483647;
			files = (
				522AC99E1F94FD2100BC6A01 /* ProgressViewController.swift in Sources */,
				52DF5FA61F6AA9C700D6E0F8 /* MappableObjects.swift in Sources */,
				52FAC6C41F599A3200A4394F /* StackManagerClosures.swift in Sources */,
				523802F51F669087005608BC /* QuestionsCollectionViewCell.swift in Sources */,
				523803001F6815A2005608BC /* SegueIdentifiers.swift in Sources */,
				529DCA731F5593C600F0E8E4 /* Question.swift in Sources */,
				520F50E01F6A78490080F37D /* AnswersViewController.swift in Sources */,
				5210E50E1F4C53DD00104DC2 /* QuestionViewController.swift in Sources */,
				523D006B1F83AA3C00D4614D /* Answer.swift in Sources */,
				524699471F58092100569186 /* QuestionsTableViewCell.swift in Sources */,
				523D006F1F87800800D4614D /* TextsViewController.swift in Sources */,
				5210E50C1F4C53DD00104DC2 /* AppDelegate.swift in Sources */,
				523802F11F6680B0005608BC /* Double+StackApp.swift in Sources */,
				528278F71F4EF9B200A919E6 /* StackManagerDLG.swift in Sources */,
				5210E5141F4C53DD00104DC2 /* StackApp.xcdatamodeld in Sources */,
			);
			runOnlyForDeploymentPostprocessing = 0;
		};
		5210E51B1F4C53DD00104DC2 /* Sources */ = {
			isa = PBXSourcesBuildPhase;
			buildActionMask = 2147483647;
			files = (
				5210E5241F4C53DD00104DC2 /* StackAppTests.swift in Sources */,
			);
			runOnlyForDeploymentPostprocessing = 0;
		};
		5210E5261F4C53DD00104DC2 /* Sources */ = {
			isa = PBXSourcesBuildPhase;
			buildActionMask = 2147483647;
			files = (
				5210E52F1F4C53DD00104DC2 /* StackAppUITests.swift in Sources */,
			);
			runOnlyForDeploymentPostprocessing = 0;
		};
/* End PBXSourcesBuildPhase section */

/* Begin PBXTargetDependency section */
		5210E5211F4C53DD00104DC2 /* PBXTargetDependency */ = {
			isa = PBXTargetDependency;
			target = 5210E5071F4C53DD00104DC2 /* StackApp */;
			targetProxy = 5210E5201F4C53DD00104DC2 /* PBXContainerItemProxy */;
		};
		5210E52C1F4C53DD00104DC2 /* PBXTargetDependency */ = {
			isa = PBXTargetDependency;
			target = 5210E5071F4C53DD00104DC2 /* StackApp */;
			targetProxy = 5210E52B1F4C53DD00104DC2 /* PBXContainerItemProxy */;
		};
/* End PBXTargetDependency section */

/* Begin PBXVariantGroup section */
		5210E50F1F4C53DD00104DC2 /* Main.storyboard */ = {
			isa = PBXVariantGroup;
			children = (
				5210E5101F4C53DD00104DC2 /* Base */,
			);
			name = Main.storyboard;
			sourceTree = "<group>";
		};
		5210E5171F4C53DD00104DC2 /* LaunchScreen.storyboard */ = {
			isa = PBXVariantGroup;
			children = (
				5210E5181F4C53DD00104DC2 /* Base */,
			);
			name = LaunchScreen.storyboard;
			sourceTree = "<group>";
		};
/* End PBXVariantGroup section */

/* Begin XCBuildConfiguration section */
		5210E5311F4C53DD00104DC2 /* Debug */ = {
			isa = XCBuildConfiguration;
			buildSettings = {
				ALWAYS_SEARCH_USER_PATHS = NO;
				CLANG_ANALYZER_NONNULL = YES;
				CLANG_ANALYZER_NUMBER_OBJECT_CONVERSION = YES_AGGRESSIVE;
				CLANG_CXX_LANGUAGE_STANDARD = "gnu++0x";
				CLANG_CXX_LIBRARY = "libc++";
				CLANG_ENABLE_MODULES = YES;
				CLANG_ENABLE_OBJC_ARC = YES;
				CLANG_WARN_BOOL_CONVERSION = YES;
				CLANG_WARN_CONSTANT_CONVERSION = YES;
				CLANG_WARN_DIRECT_OBJC_ISA_USAGE = YES_ERROR;
				CLANG_WARN_DOCUMENTATION_COMMENTS = YES;
				CLANG_WARN_EMPTY_BODY = YES;
				CLANG_WARN_ENUM_CONVERSION = YES;
				CLANG_WARN_INFINITE_RECURSION = YES;
				CLANG_WARN_INT_CONVERSION = YES;
				CLANG_WARN_OBJC_ROOT_CLASS = YES_ERROR;
				CLANG_WARN_SUSPICIOUS_MOVE = YES;
				CLANG_WARN_UNREACHABLE_CODE = YES;
				CLANG_WARN__DUPLICATE_METHOD_MATCH = YES;
				"CODE_SIGN_IDENTITY[sdk=iphoneos*]" = "iPhone Developer";
				COPY_PHASE_STRIP = NO;
				DEBUG_INFORMATION_FORMAT = dwarf;
				ENABLE_STRICT_OBJC_MSGSEND = YES;
				ENABLE_TESTABILITY = YES;
				GCC_C_LANGUAGE_STANDARD = gnu99;
				GCC_DYNAMIC_NO_PIC = NO;
				GCC_NO_COMMON_BLOCKS = YES;
				GCC_OPTIMIZATION_LEVEL = 0;
				GCC_PREPROCESSOR_DEFINITIONS = (
					"DEBUG=1",
					"$(inherited)",
				);
				GCC_WARN_64_TO_32_BIT_CONVERSION = YES;
				GCC_WARN_ABOUT_RETURN_TYPE = YES_ERROR;
				GCC_WARN_UNDECLARED_SELECTOR = YES;
				GCC_WARN_UNINITIALIZED_AUTOS = YES_AGGRESSIVE;
				GCC_WARN_UNUSED_FUNCTION = YES;
				GCC_WARN_UNUSED_VARIABLE = YES;
				IPHONEOS_DEPLOYMENT_TARGET = 10.3;
				MTL_ENABLE_DEBUG_INFO = YES;
				ONLY_ACTIVE_ARCH = YES;
				SDKROOT = iphoneos;
				SWIFT_ACTIVE_COMPILATION_CONDITIONS = DEBUG;
				SWIFT_OPTIMIZATION_LEVEL = "-Onone";
				TARGETED_DEVICE_FAMILY = "1,2";
			};
			name = Debug;
		};
		5210E5321F4C53DD00104DC2 /* Release */ = {
			isa = XCBuildConfiguration;
			buildSettings = {
				ALWAYS_SEARCH_USER_PATHS = NO;
				CLANG_ANALYZER_NONNULL = YES;
				CLANG_ANALYZER_NUMBER_OBJECT_CONVERSION = YES_AGGRESSIVE;
				CLANG_CXX_LANGUAGE_STANDARD = "gnu++0x";
				CLANG_CXX_LIBRARY = "libc++";
				CLANG_ENABLE_MODULES = YES;
				CLANG_ENABLE_OBJC_ARC = YES;
				CLANG_WARN_BOOL_CONVERSION = YES;
				CLANG_WARN_CONSTANT_CONVERSION = YES;
				CLANG_WARN_DIRECT_OBJC_ISA_USAGE = YES_ERROR;
				CLANG_WARN_DOCUMENTATION_COMMENTS = YES;
				CLANG_WARN_EMPTY_BODY = YES;
				CLANG_WARN_ENUM_CONVERSION = YES;
				CLANG_WARN_INFINITE_RECURSION = YES;
				CLANG_WARN_INT_CONVERSION = YES;
				CLANG_WARN_OBJC_ROOT_CLASS = YES_ERROR;
				CLANG_WARN_SUSPICIOUS_MOVE = YES;
				CLANG_WARN_UNREACHABLE_CODE = YES;
				CLANG_WARN__DUPLICATE_METHOD_MATCH = YES;
				"CODE_SIGN_IDENTITY[sdk=iphoneos*]" = "iPhone Developer";
				COPY_PHASE_STRIP = NO;
				DEBUG_INFORMATION_FORMAT = "dwarf-with-dsym";
				ENABLE_NS_ASSERTIONS = NO;
				ENABLE_STRICT_OBJC_MSGSEND = YES;
				GCC_C_LANGUAGE_STANDARD = gnu99;
				GCC_NO_COMMON_BLOCKS = YES;
				GCC_WARN_64_TO_32_BIT_CONVERSION = YES;
				GCC_WARN_ABOUT_RETURN_TYPE = YES_ERROR;
				GCC_WARN_UNDECLARED_SELECTOR = YES;
				GCC_WARN_UNINITIALIZED_AUTOS = YES_AGGRESSIVE;
				GCC_WARN_UNUSED_FUNCTION = YES;
				GCC_WARN_UNUSED_VARIABLE = YES;
				IPHONEOS_DEPLOYMENT_TARGET = 10.3;
				MTL_ENABLE_DEBUG_INFO = NO;
				SDKROOT = iphoneos;
				SWIFT_OPTIMIZATION_LEVEL = "-Owholemodule";
				TARGETED_DEVICE_FAMILY = "1,2";
				VALIDATE_PRODUCT = YES;
			};
			name = Release;
		};
		5210E5341F4C53DD00104DC2 /* Debug */ = {
			isa = XCBuildConfiguration;
			baseConfigurationReference = EC254329B5B6A3D9CC6CC203 /* Pods-StackApp.debug.xcconfig */;
			buildSettings = {
				ASSETCATALOG_COMPILER_APPICON_NAME = AppIcon;
				DEVELOPMENT_TEAM = DJ7KXY394U;
				INFOPLIST_FILE = StackApp/Info.plist;
				IPHONEOS_DEPLOYMENT_TARGET = 10.3;
				LD_RUNPATH_SEARCH_PATHS = "$(inherited) @executable_path/Frameworks";
				PRODUCT_BUNDLE_IDENTIFIER = John.StackApp;
				PRODUCT_NAME = "$(TARGET_NAME)";
				SWIFT_VERSION = 4.0;
			};
			name = Debug;
		};
		5210E5351F4C53DD00104DC2 /* Release */ = {
			isa = XCBuildConfiguration;
			baseConfigurationReference = 605233DFD6E4872A367F94E6 /* Pods-StackApp.release.xcconfig */;
			buildSettings = {
				ASSETCATALOG_COMPILER_APPICON_NAME = AppIcon;
				DEVELOPMENT_TEAM = DJ7KXY394U;
				INFOPLIST_FILE = StackApp/Info.plist;
				IPHONEOS_DEPLOYMENT_TARGET = 10.3;
				LD_RUNPATH_SEARCH_PATHS = "$(inherited) @executable_path/Frameworks";
				PRODUCT_BUNDLE_IDENTIFIER = John.StackApp;
				PRODUCT_NAME = "$(TARGET_NAME)";
				SWIFT_VERSION = 4.0;
			};
			name = Release;
		};
		5210E5371F4C53DD00104DC2 /* Debug */ = {
			isa = XCBuildConfiguration;
			buildSettings = {
				ALWAYS_EMBED_SWIFT_STANDARD_LIBRARIES = YES;
				BUNDLE_LOADER = "$(TEST_HOST)";
				DEVELOPMENT_TEAM = DJ7KXY394U;
				INFOPLIST_FILE = StackAppTests/Info.plist;
				LD_RUNPATH_SEARCH_PATHS = "$(inherited) @executable_path/Frameworks @loader_path/Frameworks";
				PRODUCT_BUNDLE_IDENTIFIER = John.StackAppTests;
				PRODUCT_NAME = "$(TARGET_NAME)";
				SWIFT_VERSION = 3.0;
				TEST_HOST = "$(BUILT_PRODUCTS_DIR)/StackApp.app/StackApp";
			};
			name = Debug;
		};
		5210E5381F4C53DD00104DC2 /* Release */ = {
			isa = XCBuildConfiguration;
			buildSettings = {
				ALWAYS_EMBED_SWIFT_STANDARD_LIBRARIES = YES;
				BUNDLE_LOADER = "$(TEST_HOST)";
				DEVELOPMENT_TEAM = DJ7KXY394U;
				INFOPLIST_FILE = StackAppTests/Info.plist;
				LD_RUNPATH_SEARCH_PATHS = "$(inherited) @executable_path/Frameworks @loader_path/Frameworks";
				PRODUCT_BUNDLE_IDENTIFIER = John.StackAppTests;
				PRODUCT_NAME = "$(TARGET_NAME)";
				SWIFT_VERSION = 3.0;
				TEST_HOST = "$(BUILT_PRODUCTS_DIR)/StackApp.app/StackApp";
			};
			name = Release;
		};
		5210E53A1F4C53DD00104DC2 /* Debug */ = {
			isa = XCBuildConfiguration;
			buildSettings = {
				ALWAYS_EMBED_SWIFT_STANDARD_LIBRARIES = YES;
				DEVELOPMENT_TEAM = DJ7KXY394U;
				INFOPLIST_FILE = StackAppUITests/Info.plist;
				LD_RUNPATH_SEARCH_PATHS = "$(inherited) @executable_path/Frameworks @loader_path/Frameworks";
				PRODUCT_BUNDLE_IDENTIFIER = John.StackAppUITests;
				PRODUCT_NAME = "$(TARGET_NAME)";
				SWIFT_VERSION = 3.0;
				TEST_TARGET_NAME = StackApp;
			};
			name = Debug;
		};
		5210E53B1F4C53DD00104DC2 /* Release */ = {
			isa = XCBuildConfiguration;
			buildSettings = {
				ALWAYS_EMBED_SWIFT_STANDARD_LIBRARIES = YES;
				DEVELOPMENT_TEAM = DJ7KXY394U;
				INFOPLIST_FILE = StackAppUITests/Info.plist;
				LD_RUNPATH_SEARCH_PATHS = "$(inherited) @executable_path/Frameworks @loader_path/Frameworks";
				PRODUCT_BUNDLE_IDENTIFIER = John.StackAppUITests;
				PRODUCT_NAME = "$(TARGET_NAME)";
				SWIFT_VERSION = 3.0;
				TEST_TARGET_NAME = StackApp;
			};
			name = Release;
		};
/* End XCBuildConfiguration section */

/* Begin XCConfigurationList section */
		5210E5031F4C53DC00104DC2 /* Build configuration list for PBXProject "StackApp" */ = {
			isa = XCConfigurationList;
			buildConfigurations = (
				5210E5311F4C53DD00104DC2 /* Debug */,
				5210E5321F4C53DD00104DC2 /* Release */,
			);
			defaultConfigurationIsVisible = 0;
			defaultConfigurationName = Release;
		};
		5210E5331F4C53DD00104DC2 /* Build configuration list for PBXNativeTarget "StackApp" */ = {
			isa = XCConfigurationList;
			buildConfigurations = (
				5210E5341F4C53DD00104DC2 /* Debug */,
				5210E5351F4C53DD00104DC2 /* Release */,
			);
			defaultConfigurationIsVisible = 0;
			defaultConfigurationName = Release;
		};
		5210E5361F4C53DD00104DC2 /* Build configuration list for PBXNativeTarget "StackAppTests" */ = {
			isa = XCConfigurationList;
			buildConfigurations = (
				5210E5371F4C53DD00104DC2 /* Debug */,
				5210E5381F4C53DD00104DC2 /* Release */,
			);
			defaultConfigurationIsVisible = 0;
			defaultConfigurationName = Release;
		};
		5210E5391F4C53DD00104DC2 /* Build configuration list for PBXNativeTarget "StackAppUITests" */ = {
			isa = XCConfigurationList;
			buildConfigurations = (
				5210E53A1F4C53DD00104DC2 /* Debug */,
				5210E53B1F4C53DD00104DC2 /* Release */,
			);
			defaultConfigurationIsVisible = 0;
			defaultConfigurationName = Release;
		};
/* End XCConfigurationList section */

/* Begin XCVersionGroup section */
		5210E5121F4C53DD00104DC2 /* StackApp.xcdatamodeld */ = {
			isa = XCVersionGroup;
			children = (
				5210E5131F4C53DD00104DC2 /* StackApp.xcdatamodel */,
			);
			currentVersion = 5210E5131F4C53DD00104DC2 /* StackApp.xcdatamodel */;
			path = StackApp.xcdatamodeld;
			sourceTree = "<group>";
			versionGroupType = wrapper.xcdatamodel;
		};
/* End XCVersionGroup section */
	};
	rootObject = 5210E5001F4C53DC00104DC2 /* Project object */;
}
